
Microsoft Visual Studio Solution File, Format Version 12.00
# Visual Studio Version 17
VisualStudioVersion = 17.4.33110.190
MinimumVisualStudioVersion = 10.0.40219.1
Project("{9A19103F-16F7-4668-BE54-9A1E7A4F7556}") = "APITesting", "PetStoreAPI\APITesting.csproj", "{B0E2D456-036B-40FC-9704-F329DC884007}"
EndProject
Project("{FAE04EC0-301F-11D3-BF4B-00C04F79EFBC}") = "SwagLabsTest", "SwagLabsTest\SwagLabsTest.csproj", "{BE5D81B8-1E44-4FFE-88CF-093AAD71F8DE}"
EndProject
Global
	GlobalSection(SolutionConfigurationPlatforms) = preSolution
		Debug|Any CPU = Debug|Any CPU
		Release|Any CPU = Release|Any CPU
	EndGlobalSection
	GlobalSection(ProjectConfigurationPlatforms) = postSolution
		{B0E2D456-036B-40FC-9704-F329DC884007}.Debug|Any CPU.ActiveCfg = Debug|Any CPU
		{B0E2D456-036B-40FC-9704-F329DC884007}.Debug|Any CPU.Build.0 = Debug|Any CPU
		{B0E2D456-036B-40FC-9704-F329DC884007}.Release|Any CPU.ActiveCfg = Release|Any CPU
		{B0E2D456-036B-40FC-9704-F329DC884007}.Release|Any CPU.Build.0 = Release|Any CPU
		{BE5D81B8-1E44-4FFE-88CF-093AAD71F8DE}.Debug|Any CPU.ActiveCfg = Debug|Any CPU
		{BE5D81B8-1E44-4FFE-88CF-093AAD71F8DE}.Debug|Any CPU.Build.0 = Debug|Any CPU
		{BE5D81B8-1E44-4FFE-88CF-093AAD71F8DE}.Release|Any CPU.ActiveCfg = Release|Any CPU
		{BE5D81B8-1E44-4FFE-88CF-093AAD71F8DE}.Release|Any CPU.Build.0 = Release|Any CPU
	EndGlobalSection
	GlobalSection(SolutionProperties) = preSolution
		HideSolutionNode = FALSE
	EndGlobalSection
	GlobalSection(ExtensibilityGlobals) = postSolution
		SolutionGuid = {AD79B9EF-DAEB-485A-B764-06E115C80577}
	EndGlobalSection
EndGlobal
